{
  "originHash" : "8202d76b3500e2acc5c36aa62ae3490a6513477396c2886001c1db41630aa50b",
  "pins" : [
    {
      "identity" : "dianyaai-asr-ios-sdk",
      "kind" : "remoteSourceControl",
      "location" : "https://github.com/kafkaliu/dianyaai-asr-ios-sdk.git",
      "state" : {
        "revision" : "ae808a9d53f0489a27d4c3ebbff931faf5d684da",
        "version" : "1.0.13"
      }
    },
    {
      "identity" : "starscream",
      "kind" : "remoteSourceControl",
      "location" : "https://github.com/daltoniam/Starscream.git",
      "state" : {
        "revision" : "c6bfd1af48efcc9a9ad203665db12375ba6b145a",
        "version" : "4.0.8"
      }
    }
  ],
  "version" : 3
}
