{
  "originHash" : "ed8b878e90d3da42dcf7251570bd46e16dffaabea23198e272f65cb1934f602e",
  "pins" : [
    {
      "identity" : "dianyaai-asr-ios-sdk",
      "kind" : "remoteSourceControl",
      "location" : "https://github.com/kafkaliu/dianyaai-asr-ios-sdk.git",
      "state" : {
        "revision" : "1d0c6ac59f9a0001f23fc4f51270fa5af615ede6",
        "version" : "0.0.30"
      }
    }
  ],
  "version" : 3
}
